
Microsoft Visual Studio Solution File, Format Version 12.00
# Visual Studio Version 16
VisualStudioVersion = 16.0.29201.188
MinimumVisualStudioVersion = 10.0.40219.1
Project("{FAE04EC0-301F-11D3-BF4B-00C04F79EFBC}") = "amb", "amb\amb.csproj", "{14473661-EC74-4C58-BB51-4A0FBD7F0244}"
EndProject
Project("{FAE04EC0-301F-11D3-BF4B-00C04F79EFBC}") = "abm.UI", "abm.UI\abm.UI.csproj", "{9FF5D514-232C-449D-A948-B6B2BB88F0C9}"
EndProject
Project("{FAE04EC0-301F-11D3-BF4B-00C04F79EFBC}") = "abm.BE", "abm.BE\abm.BE.csproj", "{3AADA5F5-25C3-4D2F-BC4C-0F0F240F6D2D}"
EndProject
Project("{FAE04EC0-301F-11D3-BF4B-00C04F79EFBC}") = "amb.BLL", "amb.BLL\amb.BLL.csproj", "{34837F0B-796F-46D1-9148-22C2BBF7EFD4}"
EndProject
Project("{FAE04EC0-301F-11D3-BF4B-00C04F79EFBC}") = "abm.DAL", "abm.DAL\abm.DAL.csproj", "{F390CCE6-4295-40F6-9F77-4DFE29F402EC}"
EndProject
Global
	GlobalSection(SolutionConfigurationPlatforms) = preSolution
		Debug|Any CPU = Debug|Any CPU
		Release|Any CPU = Release|Any CPU
	EndGlobalSection
	GlobalSection(ProjectConfigurationPlatforms) = postSolution
		{14473661-EC74-4C58-BB51-4A0FBD7F0244}.Debug|Any CPU.ActiveCfg = Debug|Any CPU
		{14473661-EC74-4C58-BB51-4A0FBD7F0244}.Debug|Any CPU.Build.0 = Debug|Any CPU
		{14473661-EC74-4C58-BB51-4A0FBD7F0244}.Release|Any CPU.ActiveCfg = Release|Any CPU
		{14473661-EC74-4C58-BB51-4A0FBD7F0244}.Release|Any CPU.Build.0 = Release|Any CPU
		{9FF5D514-232C-449D-A948-B6B2BB88F0C9}.Debug|Any CPU.ActiveCfg = Debug|Any CPU
		{9FF5D514-232C-449D-A948-B6B2BB88F0C9}.Debug|Any CPU.Build.0 = Debug|Any CPU
		{9FF5D514-232C-449D-A948-B6B2BB88F0C9}.Release|Any CPU.ActiveCfg = Release|Any CPU
		{9FF5D514-232C-449D-A948-B6B2BB88F0C9}.Release|Any CPU.Build.0 = Release|Any CPU
		{3AADA5F5-25C3-4D2F-BC4C-0F0F240F6D2D}.Debug|Any CPU.ActiveCfg = Debug|Any CPU
		{3AADA5F5-25C3-4D2F-BC4C-0F0F240F6D2D}.Debug|Any CPU.Build.0 = Debug|Any CPU
		{3AADA5F5-25C3-4D2F-BC4C-0F0F240F6D2D}.Release|Any CPU.ActiveCfg = Release|Any CPU
		{3AADA5F5-25C3-4D2F-BC4C-0F0F240F6D2D}.Release|Any CPU.Build.0 = Release|Any CPU
		{34837F0B-796F-46D1-9148-22C2BBF7EFD4}.Debug|Any CPU.ActiveCfg = Debug|Any CPU
		{34837F0B-796F-46D1-9148-22C2BBF7EFD4}.Debug|Any CPU.Build.0 = Debug|Any CPU
		{34837F0B-796F-46D1-9148-22C2BBF7EFD4}.Release|Any CPU.ActiveCfg = Release|Any CPU
		{34837F0B-796F-46D1-9148-22C2BBF7EFD4}.Release|Any CPU.Build.0 = Release|Any CPU
		{F390CCE6-4295-40F6-9F77-4DFE29F402EC}.Debug|Any CPU.ActiveCfg = Debug|Any CPU
		{F390CCE6-4295-40F6-9F77-4DFE29F402EC}.Debug|Any CPU.Build.0 = Debug|Any CPU
		{F390CCE6-4295-40F6-9F77-4DFE29F402EC}.Release|Any CPU.ActiveCfg = Release|Any CPU
		{F390CCE6-4295-40F6-9F77-4DFE29F402EC}.Release|Any CPU.Build.0 = Release|Any CPU
	EndGlobalSection
	GlobalSection(SolutionProperties) = preSolution
		HideSolutionNode = FALSE
	EndGlobalSection
	GlobalSection(ExtensibilityGlobals) = postSolution
		SolutionGuid = {BFF0792E-9194-4FD3-AEA7-A5D5F12A69B1}
	EndGlobalSection
EndGlobal
